
Microsoft Visual Studio Solution File, Format Version 12.00
# Visual Studio Version 17
VisualStudioVersion = 17.10.35013.160
MinimumVisualStudioVersion = 10.0.40219.1
Project("{FAE04EC0-301F-11D3-BF4B-00C04F79EFBC}") = "BSMS", "BSMS\BSMS.csproj", "{F13C6403-1CA0-4D71-95A1-4F51B754FD76}"
EndProject
Global
	GlobalSection(SolutionConfigurationPlatforms) = preSolution
		Debug|Any CPU = Debug|Any CPU
		Release|Any CPU = Release|Any CPU
	EndGlobalSection
	GlobalSection(ProjectConfigurationPlatforms) = postSolution
		{F13C6403-1CA0-4D71-95A1-4F51B754FD76}.Debug|Any CPU.ActiveCfg = Debug|Any CPU
		{F13C6403-1CA0-4D71-95A1-4F51B754FD76}.Debug|Any CPU.Build.0 = Debug|Any CPU
		{F13C6403-1CA0-4D71-95A1-4F51B754FD76}.Release|Any CPU.ActiveCfg = Release|Any CPU
		{F13C6403-1CA0-4D71-95A1-4F51B754FD76}.Release|Any CPU.Build.0 = Release|Any CPU
	EndGlobalSection
	GlobalSection(SolutionProperties) = preSolution
		HideSolutionNode = FALSE
	EndGlobalSection
	GlobalSection(ExtensibilityGlobals) = postSolution
		SolutionGuid = {A87E5874-3DA3-44BC-B44D-E45D34966AF2}
	EndGlobalSection
EndGlobal
